
Microsoft Visual Studio Solution File, Format Version 12.00
# Visual Studio Version 16
VisualStudioVersion = 16.0.30523.141
MinimumVisualStudioVersion = 10.0.40219.1
Project("{FAE04EC0-301F-11D3-BF4B-00C04F79EFBC}") = "Client-Server Optional", "Client-Server Optional\Client-Server Optional.csproj", "{64C49D61-FFFB-488B-A653-4AAB56222C4D}"
EndProject
Global
	GlobalSection(SolutionConfigurationPlatforms) = preSolution
		Debug|Any CPU = Debug|Any CPU
		Release|Any CPU = Release|Any CPU
	EndGlobalSection
	GlobalSection(ProjectConfigurationPlatforms) = postSolution
		{64C49D61-FFFB-488B-A653-4AAB56222C4D}.Debug|Any CPU.ActiveCfg = Debug|Any CPU
		{64C49D61-FFFB-488B-A653-4AAB56222C4D}.Debug|Any CPU.Build.0 = Debug|Any CPU
		{64C49D61-FFFB-488B-A653-4AAB56222C4D}.Release|Any CPU.ActiveCfg = Release|Any CPU
		{64C49D61-FFFB-488B-A653-4AAB56222C4D}.Release|Any CPU.Build.0 = Release|Any CPU
	EndGlobalSection
	GlobalSection(SolutionProperties) = preSolution
		HideSolutionNode = FALSE
	EndGlobalSection
	GlobalSection(ExtensibilityGlobals) = postSolution
		SolutionGuid = {F56CE13C-D405-4689-934A-998684324BFE}
	EndGlobalSection
EndGlobal
